
Microsoft Visual Studio Solution File, Format Version 12.00
# Visual Studio Version 17
VisualStudioVersion = 17.6.33723.286
MinimumVisualStudioVersion = 10.0.40219.1
Project("{FAE04EC0-301F-11D3-BF4B-00C04F79EFBC}") = "BoggleWordChecker", "BoggleWordChecker.csproj", "{7FED0762-0E2F-4DA8-9C9E-EB350140864D}"
EndProject
Global
	GlobalSection(SolutionConfigurationPlatforms) = preSolution
		Debug|Any CPU = Debug|Any CPU
		Release|Any CPU = Release|Any CPU
	EndGlobalSection
	GlobalSection(ProjectConfigurationPlatforms) = postSolution
		{7FED0762-0E2F-4DA8-9C9E-EB350140864D}.Debug|Any CPU.ActiveCfg = Debug|Any CPU
		{7FED0762-0E2F-4DA8-9C9E-EB350140864D}.Debug|Any CPU.Build.0 = Debug|Any CPU
		{7FED0762-0E2F-4DA8-9C9E-EB350140864D}.Release|Any CPU.ActiveCfg = Release|Any CPU
		{7FED0762-0E2F-4DA8-9C9E-EB350140864D}.Release|Any CPU.Build.0 = Release|Any CPU
	EndGlobalSection
	GlobalSection(SolutionProperties) = preSolution
		HideSolutionNode = FALSE
	EndGlobalSection
	GlobalSection(ExtensibilityGlobals) = postSolution
		SolutionGuid = {654C234E-4D47-42CB-96A7-D185F147EEF7}
	EndGlobalSection
EndGlobal
